
Microsoft Visual Studio Solution File, Format Version 12.00
# Visual Studio Version 16
VisualStudioVersion = 16.0.31313.79
MinimumVisualStudioVersion = 10.0.40219.1
Project("{FAE04EC0-301F-11D3-BF4B-00C04F79EFBC}") = "ShoppingCar", "ShoppingCar\ShoppingCar.csproj", "{54895CC8-9DBF-474D-882D-F843F7EEA495}"
EndProject
Global
	GlobalSection(SolutionConfigurationPlatforms) = preSolution
		Debug|Any CPU = Debug|Any CPU
		Release|Any CPU = Release|Any CPU
	EndGlobalSection
	GlobalSection(ProjectConfigurationPlatforms) = postSolution
		{54895CC8-9DBF-474D-882D-F843F7EEA495}.Debug|Any CPU.ActiveCfg = Debug|Any CPU
		{54895CC8-9DBF-474D-882D-F843F7EEA495}.Debug|Any CPU.Build.0 = Debug|Any CPU
		{54895CC8-9DBF-474D-882D-F843F7EEA495}.Release|Any CPU.ActiveCfg = Release|Any CPU
		{54895CC8-9DBF-474D-882D-F843F7EEA495}.Release|Any CPU.Build.0 = Release|Any CPU
	EndGlobalSection
	GlobalSection(SolutionProperties) = preSolution
		HideSolutionNode = FALSE
	EndGlobalSection
	GlobalSection(ExtensibilityGlobals) = postSolution
		SolutionGuid = {C5202B4A-B86A-4704-AE8A-790B4087C8D1}
	EndGlobalSection
EndGlobal
